
Microsoft Visual Studio Solution File, Format Version 12.00
# Visual Studio Version 17
VisualStudioVersion = 17.6.33815.320
MinimumVisualStudioVersion = 10.0.40219.1
Project("{9A19103F-16F7-4668-BE54-9A1E7A4F7556}") = "WebApplication1", "WebApplication1\WebApplication1.csproj", "{1EC44E6A-B4DA-4D66-9A51-42AC34A06704}"
EndProject
Global
	GlobalSection(SolutionConfigurationPlatforms) = preSolution
		Debug|Any CPU = Debug|Any CPU
		Release|Any CPU = Release|Any CPU
	EndGlobalSection
	GlobalSection(ProjectConfigurationPlatforms) = postSolution
		{1EC44E6A-B4DA-4D66-9A51-42AC34A06704}.Debug|Any CPU.ActiveCfg = Debug|Any CPU
		{1EC44E6A-B4DA-4D66-9A51-42AC34A06704}.Debug|Any CPU.Build.0 = Debug|Any CPU
		{1EC44E6A-B4DA-4D66-9A51-42AC34A06704}.Release|Any CPU.ActiveCfg = Release|Any CPU
		{1EC44E6A-B4DA-4D66-9A51-42AC34A06704}.Release|Any CPU.Build.0 = Release|Any CPU
	EndGlobalSection
	GlobalSection(SolutionProperties) = preSolution
		HideSolutionNode = FALSE
	EndGlobalSection
	GlobalSection(ExtensibilityGlobals) = postSolution
		SolutionGuid = {9B4E83E1-A700-46F1-946B-0CAA090779B2}
	EndGlobalSection
EndGlobal
